{
  "name": "256fesViewer.js",
  "version": "1.0.0",
  "lockfileVersion": 2,
  "requires": true,
  "packages": {
    "": {
      "version": "1.0.0",
      "license": "ISC",
      "dependencies": {
        "holoplay": "^1.0.3",
        "three": "^0.129.0"
      },
      "devDependencies": {
        "@types/three": "^0.129.1"
      }
    },
    "node_modules/@types/three": {
      "version": "0.129.1",
      "resolved": "https://registry.npmjs.org/@types/three/-/three-0.129.1.tgz",
      "integrity": "sha512-31VTcjAQNggIrCH9NVotTYsr5Ws/QMGGTaMK6RP3EgyzW2WEuZdm25TNidd6PJ3e4a6/hbswNacnTsjwc7ksbw==",
      "dev": true
    },
    "node_modules/@ungap/event-target": {
      "version": "0.1.0",
      "resolved": "https://registry.npmjs.org/@ungap/event-target/-/event-target-0.1.0.tgz",
      "integrity": "sha512-W2oyj0Fe1w/XhPZjkI3oUcDUAmu5P4qsdT2/2S8aMhtAWM/CE/jYWtji0pKNPDfxLI75fa5gWSEmnynKMNP/oA=="
    },
    "node_modules/cbor-js": {
      "version": "0.1.0",
      "resolved": "https://registry.npmjs.org/cbor-js/-/cbor-js-0.1.0.tgz",
      "integrity": "sha1-yAzmEg84fo+qdDcN/aIdlluPx/k="
    },
    "node_modules/fullscreen-polyfill": {
      "version": "1.0.4",
      "resolved": "https://registry.npmjs.org/fullscreen-polyfill/-/fullscreen-polyfill-1.0.4.tgz",
      "integrity": "sha512-oNQPCv6ULyajmTid3314SYZdyD4QzIC12WrO3D4BZoxo9ThtrvL70c9JAVsoVWTXmZwoQmEXcCHSP5tEcALAwA=="
    },
    "node_modules/holoplay": {
      "version": "1.0.3",
      "resolved": "https://registry.npmjs.org/holoplay/-/holoplay-1.0.3.tgz",
      "integrity": "sha512-r1sLLcO8/pSg1rb7051JSSVkWoLZddK/+3jXS677dgM0u3AwluoikDxTAbFvkVMj4OMbodHoMhoIaJLZUcWyHA==",
      "dependencies": {
        "@ungap/event-target": "^0.1.0",
        "fullscreen-polyfill": "^1.0.2",
        "holoplay-core": "0.0.8",
        "three": "^0.102.1"
      }
    },
    "node_modules/holoplay-core": {
      "version": "0.0.8",
      "resolved": "https://registry.npmjs.org/holoplay-core/-/holoplay-core-0.0.8.tgz",
      "integrity": "sha512-fErVQ6dB8onRRKPQGxBT6VOCTIFjnoOu8U2+TBxNJLGgVEeOR6hr4yYEMHSSSOFUjyFLpWXWfEkFt34vOS+VFA==",
      "dependencies": {
        "cbor-js": "^0.1.0",
        "ws": "^7.2.0"
      }
    },
    "node_modules/holoplay/node_modules/three": {
      "version": "0.102.1",
      "resolved": "https://registry.npmjs.org/three/-/three-0.102.1.tgz",
      "integrity": "sha512-btHBdww/Es4vdBkB2GjTE9mpj0vy8tgtxkX7ne7uxySXV8zoGxWJv1N88BydxnCqvAfmD4ZUTqPeESO7oDgeOQ=="
    },
    "node_modules/three": {
      "version": "0.129.0",
      "resolved": "https://registry.npmjs.org/three/-/three-0.129.0.tgz",
      "integrity": "sha512-wiWio1yVRg2Oj6WEWsTHQo5eSzYpEwSBtPSi3OofNpvFbf26HFfb9kw4FZJNjII4qxzp0b1xLB11+tKkBGB1ZA=="
    },
    "node_modules/ws": {
      "version": "7.4.6",
      "resolved": "https://registry.npmjs.org/ws/-/ws-7.4.6.tgz",
      "integrity": "sha512-YmhHDO4MzaDLB+M9ym/mDA5z0naX8j7SIlT8f8z+I0VtzsRbekxEutHSme7NPS2qE8StCYQNUnfWdXta/Yu85A==",
      "engines": {
        "node": ">=8.3.0"
      }
    }
  },
  "dependencies": {
    "@types/three": {
      "version": "0.129.1",
      "resolved": "https://registry.npmjs.org/@types/three/-/three-0.129.1.tgz",
      "integrity": "sha512-31VTcjAQNggIrCH9NVotTYsr5Ws/QMGGTaMK6RP3EgyzW2WEuZdm25TNidd6PJ3e4a6/hbswNacnTsjwc7ksbw==",
      "dev": true
    },
    "@ungap/event-target": {
      "version": "0.1.0",
      "resolved": "https://registry.npmjs.org/@ungap/event-target/-/event-target-0.1.0.tgz",
      "integrity": "sha512-W2oyj0Fe1w/XhPZjkI3oUcDUAmu5P4qsdT2/2S8aMhtAWM/CE/jYWtji0pKNPDfxLI75fa5gWSEmnynKMNP/oA=="
    },
    "cbor-js": {
      "version": "0.1.0",
      "resolved": "https://registry.npmjs.org/cbor-js/-/cbor-js-0.1.0.tgz",
      "integrity": "sha1-yAzmEg84fo+qdDcN/aIdlluPx/k="
    },
    "fullscreen-polyfill": {
      "version": "1.0.4",
      "resolved": "https://registry.npmjs.org/fullscreen-polyfill/-/fullscreen-polyfill-1.0.4.tgz",
      "integrity": "sha512-oNQPCv6ULyajmTid3314SYZdyD4QzIC12WrO3D4BZoxo9ThtrvL70c9JAVsoVWTXmZwoQmEXcCHSP5tEcALAwA=="
    },
    "holoplay": {
      "version": "1.0.3",
      "resolved": "https://registry.npmjs.org/holoplay/-/holoplay-1.0.3.tgz",
      "integrity": "sha512-r1sLLcO8/pSg1rb7051JSSVkWoLZddK/+3jXS677dgM0u3AwluoikDxTAbFvkVMj4OMbodHoMhoIaJLZUcWyHA==",
      "requires": {
        "@ungap/event-target": "^0.1.0",
        "fullscreen-polyfill": "^1.0.2",
        "holoplay-core": "0.0.8",
        "three": "^0.102.1"
      },
      "dependencies": {
        "three": {
          "version": "0.102.1",
          "resolved": "https://registry.npmjs.org/three/-/three-0.102.1.tgz",
          "integrity": "sha512-btHBdww/Es4vdBkB2GjTE9mpj0vy8tgtxkX7ne7uxySXV8zoGxWJv1N88BydxnCqvAfmD4ZUTqPeESO7oDgeOQ=="
        }
      }
    },
    "holoplay-core": {
      "version": "0.0.8",
      "resolved": "https://registry.npmjs.org/holoplay-core/-/holoplay-core-0.0.8.tgz",
      "integrity": "sha512-fErVQ6dB8onRRKPQGxBT6VOCTIFjnoOu8U2+TBxNJLGgVEeOR6hr4yYEMHSSSOFUjyFLpWXWfEkFt34vOS+VFA==",
      "requires": {
        "cbor-js": "^0.1.0",
        "ws": "^7.2.0"
      }
    },
    "three": {
      "version": "0.129.0",
      "resolved": "https://registry.npmjs.org/three/-/three-0.129.0.tgz",
      "integrity": "sha512-wiWio1yVRg2Oj6WEWsTHQo5eSzYpEwSBtPSi3OofNpvFbf26HFfb9kw4FZJNjII4qxzp0b1xLB11+tKkBGB1ZA=="
    },
    "ws": {
      "version": "7.4.6",
      "resolved": "https://registry.npmjs.org/ws/-/ws-7.4.6.tgz",
      "integrity": "sha512-YmhHDO4MzaDLB+M9ym/mDA5z0naX8j7SIlT8f8z+I0VtzsRbekxEutHSme7NPS2qE8StCYQNUnfWdXta/Yu85A=="
    }
  }
}
